
Microsoft Visual Studio Solution File, Format Version 12.00
# Visual Studio 2012
Project("{FAE04EC0-301F-11D3-BF4B-00C04F79EFBC}") = "homework-03", "homework-03\homework-03.csproj", "{6771355F-A078-4412-9485-858F3BF99D67}"
EndProject
Project("{FAE04EC0-301F-11D3-BF4B-00C04F79EFBC}") = "MaxSumLibrary", "MaxSumLibrary\MaxSumLibrary.csproj", "{A2A603AE-8994-4793-876E-42EA6EEF7433}"
EndProject
Global
	GlobalSection(SolutionConfigurationPlatforms) = preSolution
		Debug|Any CPU = Debug|Any CPU
		Release|Any CPU = Release|Any CPU
	EndGlobalSection
	GlobalSection(ProjectConfigurationPlatforms) = postSolution
		{6771355F-A078-4412-9485-858F3BF99D67}.Debug|Any CPU.ActiveCfg = Debug|Any CPU
		{6771355F-A078-4412-9485-858F3BF99D67}.Debug|Any CPU.Build.0 = Debug|Any CPU
		{6771355F-A078-4412-9485-858F3BF99D67}.Release|Any CPU.ActiveCfg = Release|Any CPU
		{6771355F-A078-4412-9485-858F3BF99D67}.Release|Any CPU.Build.0 = Release|Any CPU
		{A2A603AE-8994-4793-876E-42EA6EEF7433}.Debug|Any CPU.ActiveCfg = Debug|Any CPU
		{A2A603AE-8994-4793-876E-42EA6EEF7433}.Debug|Any CPU.Build.0 = Debug|Any CPU
		{A2A603AE-8994-4793-876E-42EA6EEF7433}.Release|Any CPU.ActiveCfg = Release|Any CPU
		{A2A603AE-8994-4793-876E-42EA6EEF7433}.Release|Any CPU.Build.0 = Release|Any CPU
	EndGlobalSection
	GlobalSection(SolutionProperties) = preSolution
		HideSolutionNode = FALSE
	EndGlobalSection
EndGlobal
